
Microsoft Visual Studio Solution File, Format Version 12.00
# Visual Studio Version 17
VisualStudioVersion = 17.5.33530.505
MinimumVisualStudioVersion = 10.0.40219.1
Project("{FAE04EC0-301F-11D3-BF4B-00C04F79EFBC}") = "JJJ27", "JJJ27.csproj", "{85EC4715-6D7A-4AB2-9847-93A7781B29E3}"
EndProject
Global
	GlobalSection(SolutionConfigurationPlatforms) = preSolution
		Debug|Any CPU = Debug|Any CPU
		Release|Any CPU = Release|Any CPU
	EndGlobalSection
	GlobalSection(ProjectConfigurationPlatforms) = postSolution
		{85EC4715-6D7A-4AB2-9847-93A7781B29E3}.Debug|Any CPU.ActiveCfg = Debug|Any CPU
		{85EC4715-6D7A-4AB2-9847-93A7781B29E3}.Debug|Any CPU.Build.0 = Debug|Any CPU
		{85EC4715-6D7A-4AB2-9847-93A7781B29E3}.Release|Any CPU.ActiveCfg = Release|Any CPU
		{85EC4715-6D7A-4AB2-9847-93A7781B29E3}.Release|Any CPU.Build.0 = Release|Any CPU
	EndGlobalSection
	GlobalSection(SolutionProperties) = preSolution
		HideSolutionNode = FALSE
	EndGlobalSection
	GlobalSection(ExtensibilityGlobals) = postSolution
		SolutionGuid = {DBF46222-96D3-4212-ABA5-09B89AD08443}
	EndGlobalSection
EndGlobal
